{
  "nodes": {
    "juce-src": {
      "flake": false,
      "locked": {
        "lastModified": 1748852863,
        "narHash": "sha256-kp3rMaHWBbEh4UaRMxcLo/DiSJV942OY+LYxh6W7dFc=",
        "owner": "juce-framework",
        "repo": "JUCE",
        "rev": "d6181bde38d858c283c3b7bf699ce6340c050b5d",
        "type": "github"
      },
      "original": {
        "owner": "juce-framework",
        "ref": "8.0.8",
        "repo": "JUCE",
        "type": "github"
      }
    },
    "nixpkgs": {
      "locked": {
        "lastModified": 1756386758,
        "narHash": "sha256-1wxxznpW2CKvI9VdniaUnTT2Os6rdRJcRUf65ZK9OtE=",
        "owner": "nixos",
        "repo": "nixpkgs",
        "rev": "dfb2f12e899db4876308eba6d93455ab7da304cd",
        "type": "github"
      },
      "original": {
        "owner": "nixos",
        "ref": "nixos-unstable",
        "repo": "nixpkgs",
        "type": "github"
      }
    },
    "root": {
      "inputs": {
        "juce-src": "juce-src",
        "nixpkgs": "nixpkgs"
      }
    }
  },
  "root": "root",
  "version": 7
}
